# THIS IS AN AUTOGENERATED FILE. DO NOT EDIT THIS FILE DIRECTLY.
# yarn lockfile v1


"@esbuild/android-arm64@0.18.19":
  version "0.18.19"
  resolved "https://registry.yarnpkg.com/@esbuild/android-arm64/-/android-arm64-0.18.19.tgz#8735b552b8e0b9a943460d37fbc976b9d9cd4b4e"
  integrity sha512-4+jkUFQxZkQfQOOxfGVZB38YUWHMJX2ihZwF+2nh8m7bHdWXpixiurgGRN3c/KMSwlltbYI0/i929jwBRMFzbA==

"@esbuild/android-arm@0.18.19":
  version "0.18.19"
  resolved "https://registry.yarnpkg.com/@esbuild/android-arm/-/android-arm-0.18.19.tgz#efd1f33583a893c0cc57f25b1d081af8cdc6bfd9"
  integrity sha512-1uOoDurJYh5MNqPqpj3l/TQCI1V25BXgChEldCB7D6iryBYqYKrbZIhYO5AI9fulf66sM8UJpc3UcCly2Tv28w==

"@esbuild/android-x64@0.18.19":
  version "0.18.19"
  resolved "https://registry.yarnpkg.com/@esbuild/android-x64/-/android-x64-0.18.19.tgz#d9f35722701a97a2ef69c7a84f1ee2aef2a306a7"
  integrity sha512-ae5sHYiP/Ogj2YNrLZbWkBmyHIDOhPgpkGvFnke7XFGQldBDWvc/AyYwSLpNuKw9UNkgnLlB/jPpnBmlF3G9Bg==

"@esbuild/darwin-arm64@0.18.19":
  version "0.18.19"
  resolved "https://registry.yarnpkg.com/@esbuild/darwin-arm64/-/darwin-arm64-0.18.19.tgz#8cb81b971ee5231acc7de07225f6e18562c359e4"
  integrity sha512-HIpQvNQWFYROmWDANMRL+jZvvTQGOiTuwWBIuAsMaQrnStedM+nEKJBzKQ6bfT9RFKH2wZ+ej+DY7+9xHBTFPg==

"@esbuild/darwin-x64@0.18.19":
  version "0.18.19"
  resolved "https://registry.yarnpkg.com/@esbuild/darwin-x64/-/darwin-x64-0.18.19.tgz#81024ab64232dd323f03796d449f018b59f04ca9"
  integrity sha512-m6JdvXJQt0thNLIcWOeG079h2ivhYH4B5sVCgqb/B29zTcFd7EE8/J1nIUHhdtwGeItdUeqKaqqb4towwxvglQ==

"@esbuild/freebsd-arm64@0.18.19":
  version "0.18.19"
  resolved "https://registry.yarnpkg.com/@esbuild/freebsd-arm64/-/freebsd-arm64-0.18.19.tgz#9fa91e3b08d10c0adfa71b37372a7627b26e9686"
  integrity sha512-G0p4EFMPZhGn/xVNspUyMQbORH3nlKTV0bFNHPIwLraBuAkTeMyxNviTe0ZXUbIXQrR1lrwniFjNFU4s+x7veQ==

"@esbuild/freebsd-x64@0.18.19":
  version "0.18.19"
  resolved "https://registry.yarnpkg.com/@esbuild/freebsd-x64/-/freebsd-x64-0.18.19.tgz#ef6f5a85c1bb029fb0076da5b223e50b353e615c"
  integrity sha512-hBxgRlG42+W+j/1/cvlnSa+3+OBKeDCyO7OG2ICya1YJaSCYfSpuG30KfOnQHI7Ytgu4bRqCgrYXxQEzy0zM5Q==

"@esbuild/linux-arm64@0.18.19":
  version "0.18.19"
  resolved "https://registry.yarnpkg.com/@esbuild/linux-arm64/-/linux-arm64-0.18.19.tgz#0cef913dcdc1efb1bb04406a8e5f5668b721d89e"
  integrity sha512-X8g33tczY0GsJq3lhyBrjnFtaKjWVpp1gMq5IlF9BQJ3TUfSK74nQnz9mRIEejmcV+OIYn6bkOJeUaU1Knrljg==

"@esbuild/linux-arm@0.18.19":
  version "0.18.19"
  resolved "https://registry.yarnpkg.com/@esbuild/linux-arm/-/linux-arm-0.18.19.tgz#39ea874c8e5177b83903bec1883a43f3c163627a"
  integrity sha512-qtWyoQskfJlb9MD45mvzCEKeO4uCnDZ7lPFeNqbfaaJHqBiH9qA5Vu2EuckqYZuFMJWy1l4dxTf9NOulCVfUjg==

"@esbuild/linux-ia32@0.18.19":
  version "0.18.19"
  resolved "https://registry.yarnpkg.com/@esbuild/linux-ia32/-/linux-ia32-0.18.19.tgz#283cd3c3d8380e8fab90583fa86ca1fcc9b9ec57"
  integrity sha512-SAkRWJgb+KN+gOhmbiE6/wu23D6HRcGQi15cB13IVtBZZgXxygTV5GJlUAKLQ5Gcx0gtlmt+XIxEmSqA6sZTOw==

"@esbuild/linux-loong64@0.18.19":
  version "0.18.19"
  resolved "https://registry.yarnpkg.com/@esbuild/linux-loong64/-/linux-loong64-0.18.19.tgz#1c69d7928a55b26326398d31d2ac9c82d2297f1b"
  integrity sha512-YLAslaO8NsB9UOxBchos82AOMRDbIAWChwDKfjlGrHSzS3v1kxce7dGlSTsrb0PJwo1KYccypN3VNjQVLtz7LA==

"@esbuild/linux-mips64el@0.18.19":
  version "0.18.19"
  resolved "https://registry.yarnpkg.com/@esbuild/linux-mips64el/-/linux-mips64el-0.18.19.tgz#b25b352e7645885fa1d01182116c506a78fe4733"
  integrity sha512-vSYFtlYds/oTI8aflEP65xo3MXChMwBOG1eWPGGKs/ev9zkTeXVvciU+nifq8J1JYMz+eQ4J9JDN0O2RKF8+1Q==

"@esbuild/linux-ppc64@0.18.19":
  version "0.18.19"
  resolved "https://registry.yarnpkg.com/@esbuild/linux-ppc64/-/linux-ppc64-0.18.19.tgz#568b5a051f47af732c4314e697bb559a14b3d811"
  integrity sha512-tgG41lRVwlzqO9tv9l7aXYVw35BxKXLtPam1qALScwSqPivI8hjkZLNH0deaaSCYCFT9cBIdB+hUjWFlFFLL9A==

"@esbuild/linux-riscv64@0.18.19":
  version "0.18.19"
  resolved "https://registry.yarnpkg.com/@esbuild/linux-riscv64/-/linux-riscv64-0.18.19.tgz#020729b47ca63321667297d1610bab81cd08a65c"
  integrity sha512-EgBZFLoN1S5RuB4cCJI31pBPsjE1nZ+3+fHRjguq9Ibrzo29bOLSBcH1KZJvRNh5qtd+fcYIGiIUia8Jw5r1lQ==

"@esbuild/linux-s390x@0.18.19":
  version "0.18.19"
  resolved "https://registry.yarnpkg.com/@esbuild/linux-s390x/-/linux-s390x-0.18.19.tgz#ed5cca8dac130d2f736914f9efad5fa15c238c20"
  integrity sha512-q1V1rtHRojAzjSigZEqrcLkpfh5K09ShCoIsdTakozVBnM5rgV58PLFticqDp5UJ9uE0HScov9QNbbl8HBo6QQ==

"@esbuild/linux-x64@0.18.19":
  version "0.18.19"
  resolved "https://registry.yarnpkg.com/@esbuild/linux-x64/-/linux-x64-0.18.19.tgz#f8023a38ae02b46c60a134ccbc7ae377b3bec66f"
  integrity sha512-D0IiYjpZRXxGZLQfsydeAD7ZWqdGyFLBj5f2UshJpy09WPs3qizDCsEr8zyzcym6Woj/UI9ZzMIXwvoXVtyt0A==

"@esbuild/netbsd-x64@0.18.19":
  version "0.18.19"
  resolved "https://registry.yarnpkg.com/@esbuild/netbsd-x64/-/netbsd-x64-0.18.19.tgz#8fd667c535db0a5b346afa2d74ff1fb53477427f"
  integrity sha512-3tt3SOS8L3D54R8oER41UdDshlBIAjYhdWRPiZCTZ1E41+shIZBpTjaW5UaN/jD1ENE/Ok5lkeqhoNMbxstyxw==

"@esbuild/openbsd-x64@0.18.19":
  version "0.18.19"
  resolved "https://registry.yarnpkg.com/@esbuild/openbsd-x64/-/openbsd-x64-0.18.19.tgz#354d5b54a6bffa381cb513e878880192e07004be"
  integrity sha512-MxbhcuAYQPlfln1EMc4T26OUoeg/YQc6wNoEV8xvktDKZhLtBxjkoeESSo9BbPaGKhAPzusXYj5n8n5A8iZSrA==

"@esbuild/sunos-x64@0.18.19":
  version "0.18.19"
  resolved "https://registry.yarnpkg.com/@esbuild/sunos-x64/-/sunos-x64-0.18.19.tgz#e2de98bd961e04f76f6acf5970263efc7051def5"
  integrity sha512-m0/UOq1wj25JpWqOJxoWBRM9VWc3c32xiNzd+ERlYstUZ6uwx5SZsQUtkiFHaYmcaoj+f6+Tfcl7atuAz3idwQ==

"@esbuild/win32-arm64@0.18.19":
  version "0.18.19"
  resolved "https://registry.yarnpkg.com/@esbuild/win32-arm64/-/win32-arm64-0.18.19.tgz#9dca55f0dcbbdb50bf36353d1114f5f71c269275"
  integrity sha512-L4vb6pcoB1cEcXUHU6EPnUhUc4+/tcz4OqlXTWPcSQWxegfmcOprhmIleKKwmMNQVc4wrx/+jB7tGkjjDmiupg==

"@esbuild/win32-ia32@0.18.19":
  version "0.18.19"
  resolved "https://registry.yarnpkg.com/@esbuild/win32-ia32/-/win32-ia32-0.18.19.tgz#db6ea4467e87e6d3fc2177dea35e81f26f7a061d"
  integrity sha512-rQng7LXSKdrDlNDb7/v0fujob6X0GAazoK/IPd9C3oShr642ri8uIBkgM37/l8B3Rd5sBQcqUXoDdEy75XC/jg==

"@esbuild/win32-x64@0.18.19":
  version "0.18.19"
  resolved "https://registry.yarnpkg.com/@esbuild/win32-x64/-/win32-x64-0.18.19.tgz#6105755d7097e0d7e22f893c3e62f143d8137bd0"
  integrity sha512-z69jhyG20Gq4QL5JKPLqUT+eREuqnDAFItLbza4JCmpvUnIlY73YNjd5djlO7kBiiZnvTnJuAbOjIoZIOa1GjA==

"@xmldom/xmldom@^0.8.6":
  version "0.8.10"
  resolved "https://registry.yarnpkg.com/@xmldom/xmldom/-/xmldom-0.8.10.tgz#a1337ca426aa61cef9fe15b5b28e340a72f6fa99"
  integrity sha512-2WALfTl4xo2SkGCYRt6rDTFfk9R1czmBvUQy12gK2KuRKIpWEhcbbzy8EZXtz/jkRqHX8bFEc6FC1HjX4TUWYw==

argparse@~1.0.3:
  version "1.0.10"
  resolved "https://registry.yarnpkg.com/argparse/-/argparse-1.0.10.tgz#bcd6791ea5ae09725e17e5ad988134cd40b3d911"
  integrity sha512-o5Roy6tNG4SL/FOkCAN6RzjiakZS25RLYFrcMttJqbdd8BWrnA+fGz57iN5Pb06pvBGvl5gQ0B48dJlslXvoTg==
  dependencies:
    sprintf-js "~1.0.2"

base64-js@^1.5.1:
  version "1.5.1"
  resolved "https://registry.yarnpkg.com/base64-js/-/base64-js-1.5.1.tgz#1b1b440160a5bf7ad40b650f095963481903930a"
  integrity sha512-AKpaYlHn8t4SVbOHCy+b5+KKgvR4vrsD8vbvrbiQJps7fKDTkjkDry6ji0rUJjC0kzbNePLwzxq8iypo41qeWA==

bluebird@~3.4.0:
  version "3.4.7"
  resolved "https://registry.yarnpkg.com/bluebird/-/bluebird-3.4.7.tgz#f72d760be09b7f76d08ed8fae98b289a8d05fab3"
  integrity sha512-iD3898SR7sWVRHbiQv+sHUtHnMvC1o3nW5rAcqnq3uOn07DSAppZYUkIGslDz6gXC7HfunPe7YVBgoEJASPcHA==

core-util-is@~1.0.0:
  version "1.0.3"
  resolved "https://registry.yarnpkg.com/core-util-is/-/core-util-is-1.0.3.tgz#a6042d3634c2b27e9328f837b965fac83808db85"
  integrity sha512-ZQBvi1DcpJ4GDqanjucZ2Hj3wEO5pZDS89BWbkcrvdxksJorwUDDZamX9ldFkp9aw2lmBDLgkObEA4DWNJ9FYQ==

dingbat-to-unicode@^1.0.1:
  version "1.0.1"
  resolved "https://registry.yarnpkg.com/dingbat-to-unicode/-/dingbat-to-unicode-1.0.1.tgz#5091dd673241453e6b5865e26e5a4452cdef5c83"
  integrity sha512-98l0sW87ZT58pU4i61wa2OHwxbiYSbuxsCBozaVnYX2iCnr3bLM3fIes1/ej7h1YdOKuKt/MLs706TVnALA65w==

duck@^0.1.12:
  version "0.1.12"
  resolved "https://registry.yarnpkg.com/duck/-/duck-0.1.12.tgz#de7adf758421230b6d7aee799ce42670586b9efa"
  integrity sha512-wkctla1O6VfP89gQ+J/yDesM0S7B7XLXjKGzXxMDVFg7uEn706niAtyYovKbyq1oT9YwDcly721/iUWoc8MVRg==
  dependencies:
    underscore "^1.13.1"

esbuild@^0.18.10:
  version "0.18.19"
  resolved "https://registry.yarnpkg.com/esbuild/-/esbuild-0.18.19.tgz#c763ccfd50b7b1322d13232cd91f2bd36ffde56b"
  integrity sha512-ra3CaIKCzJp5bU5BDfrCc0FRqKj71fQi+gbld0aj6lN0ifuX2fWJYPgLVLGwPfA+ruKna+OWwOvf/yHj6n+i0g==
  optionalDependencies:
    "@esbuild/android-arm" "0.18.19"
    "@esbuild/android-arm64" "0.18.19"
    "@esbuild/android-x64" "0.18.19"
    "@esbuild/darwin-arm64" "0.18.19"
    "@esbuild/darwin-x64" "0.18.19"
    "@esbuild/freebsd-arm64" "0.18.19"
    "@esbuild/freebsd-x64" "0.18.19"
    "@esbuild/linux-arm" "0.18.19"
    "@esbuild/linux-arm64" "0.18.19"
    "@esbuild/linux-ia32" "0.18.19"
    "@esbuild/linux-loong64" "0.18.19"
    "@esbuild/linux-mips64el" "0.18.19"
    "@esbuild/linux-ppc64" "0.18.19"
    "@esbuild/linux-riscv64" "0.18.19"
    "@esbuild/linux-s390x" "0.18.19"
    "@esbuild/linux-x64" "0.18.19"
    "@esbuild/netbsd-x64" "0.18.19"
    "@esbuild/openbsd-x64" "0.18.19"
    "@esbuild/sunos-x64" "0.18.19"
    "@esbuild/win32-arm64" "0.18.19"
    "@esbuild/win32-ia32" "0.18.19"
    "@esbuild/win32-x64" "0.18.19"

fsevents@~2.3.2:
  version "2.3.2"
  resolved "https://registry.yarnpkg.com/fsevents/-/fsevents-2.3.2.tgz#8a526f78b8fdf4623b709e0b975c52c24c02fd1a"
  integrity sha512-xiqMQR4xAeHTuB9uWm+fFRcIOgKBMiOBP+eXiyT7jsgVCq1bkVygt00oASowB7EdtpOHaaPgKt812P9ab+DDKA==

immediate@~3.0.5:
  version "3.0.6"
  resolved "https://registry.yarnpkg.com/immediate/-/immediate-3.0.6.tgz#9db1dbd0faf8de6fbe0f5dd5e56bb606280de69b"
  integrity sha512-XXOFtyqDjNDAQxVfYxuF7g9Il/IbWmmlQg2MYKOH8ExIT1qg6xc4zyS3HaEEATgs1btfzxq15ciUiY7gjSXRGQ==

inherits@~2.0.3:
  version "2.0.4"
  resolved "https://registry.yarnpkg.com/inherits/-/inherits-2.0.4.tgz#0fa2c64f932917c3433a0ded55363aae37416b7c"
  integrity sha512-k/vGaX4/Yla3WzyMCvTQOXYeIHvqOKtnqBduzTHpzpQZzAskKMhZ2K+EnBiSM9zGSoIFeMpXKxa4dYeZIQqewQ==

isarray@~1.0.0:
  version "1.0.0"
  resolved "https://registry.yarnpkg.com/isarray/-/isarray-1.0.0.tgz#bb935d48582cba168c06834957a54a3e07124f11"
  integrity sha512-VLghIWNM6ELQzo7zwmcg0NmTVyWKYjvIeM83yjp0wRDTmUnrM678fQbcKBo6n2CJEF0szoG//ytg+TKla89ALQ==

jszip@^3.7.1:
  version "3.10.0"
  resolved "https://registry.yarnpkg.com/jszip/-/jszip-3.10.0.tgz#faf3db2b4b8515425e34effcdbb086750a346061"
  integrity sha512-LDfVtOLtOxb9RXkYOwPyNBTQDL4eUbqahtoY6x07GiDJHwSYvn8sHHIw8wINImV3MqbMNve2gSuM1DDqEKk09Q==
  dependencies:
    lie "~3.3.0"
    pako "~1.0.2"
    readable-stream "~2.3.6"
    setimmediate "^1.0.5"

lie@~3.3.0:
  version "3.3.0"
  resolved "https://registry.yarnpkg.com/lie/-/lie-3.3.0.tgz#dcf82dee545f46074daf200c7c1c5a08e0f40f6a"
  integrity sha512-UaiMJzeWRlEujzAuw5LokY1L5ecNQYZKfmyZ9L7wDHb/p5etKaxXhohBcrw0EYby+G/NA52vRSN4N39dxHAIwQ==
  dependencies:
    immediate "~3.0.5"

lop@^0.4.1:
  version "0.4.1"
  resolved "https://registry.yarnpkg.com/lop/-/lop-0.4.1.tgz#744f1696ef480e68ce1947fe557b09db5af2a738"
  integrity sha512-9xyho9why2A2tzm5aIcMWKvzqKsnxrf9B5I+8O30olh6lQU8PH978LqZoI4++37RBgS1Em5i54v1TFs/3wnmXQ==
  dependencies:
    duck "^0.1.12"
    option "~0.2.1"
    underscore "^1.13.1"

mammoth@1.8.0:
  version "1.8.0"
  resolved "https://registry.yarnpkg.com/mammoth/-/mammoth-1.8.0.tgz#d8f1b0d3a0355fda129270346e9dc853f223028f"
  integrity sha512-pJNfxSk9IEGVpau+tsZFz22ofjUsl2mnA5eT8PjPs2n0BP+rhVte4Nez6FdgEuxv3IGI3afiV46ImKqTGDVlbA==
  dependencies:
    "@xmldom/xmldom" "^0.8.6"
    argparse "~1.0.3"
    base64-js "^1.5.1"
    bluebird "~3.4.0"
    dingbat-to-unicode "^1.0.1"
    jszip "^3.7.1"
    lop "^0.4.1"
    path-is-absolute "^1.0.0"
    underscore "^1.13.1"
    xmlbuilder "^10.0.0"

nanoid@^3.3.6:
  version "3.3.6"
  resolved "https://registry.yarnpkg.com/nanoid/-/nanoid-3.3.6.tgz#443380c856d6e9f9824267d960b4236ad583ea4c"
  integrity sha512-BGcqMMJuToF7i1rt+2PWSNVnWIkGCU78jBG3RxO/bZlnZPK2Cmi2QaffxGO/2RvWi9sL+FAiRiXMgsyxQ1DIDA==

notyf@3.10.0:
  version "3.10.0"
  resolved "https://registry.yarnpkg.com/notyf/-/notyf-3.10.0.tgz#67a64443c69ea0e6495c56ea0f91198860163d06"
  integrity sha512-Mtnp+0qiZxgrH+TzVlzhWyZceHdAZ/UWK0/ju9U0HQeDpap1mZ8cC7H5wSI5mwgni6yeAjaxsTw0sbMK+aSuHw==

option@~0.2.1:
  version "0.2.4"
  resolved "https://registry.yarnpkg.com/option/-/option-0.2.4.tgz#fd475cdf98dcabb3cb397a3ba5284feb45edbfe4"
  integrity sha512-pkEqbDyl8ou5cpq+VsnQbe/WlEy5qS7xPzMS1U55OCG9KPvwFD46zDbxQIj3egJSFc3D+XhYOPUzz49zQAVy7A==

pako@~1.0.2:
  version "1.0.11"
  resolved "https://registry.yarnpkg.com/pako/-/pako-1.0.11.tgz#6c9599d340d54dfd3946380252a35705a6b992bf"
  integrity sha512-4hLB8Py4zZce5s4yd9XzopqwVv/yGNhV1Bl8NTmCq1763HeK2+EwVTv+leGeL13Dnh2wfbqowVPXCIO0z4taYw==

path-is-absolute@^1.0.0:
  version "1.0.1"
  resolved "https://registry.yarnpkg.com/path-is-absolute/-/path-is-absolute-1.0.1.tgz#174b9268735534ffbc7ace6bf53a5a9e1b5c5f5f"
  integrity sha512-AVbw3UJ2e9bq64vSaS9Am0fje1Pa8pbGqTTsmXfaIiMpnr5DlDhfJOuLj9Sf95ZPVDAUerDfEk88MPmPe7UCQg==

picocolors@^1.0.0:
  version "1.0.0"
  resolved "https://registry.yarnpkg.com/picocolors/-/picocolors-1.0.0.tgz#cb5bdc74ff3f51892236eaf79d68bc44564ab81c"
  integrity sha512-1fygroTLlHu66zi26VoTDv8yRgm0Fccecssto+MhsZ0D/DGW2sm8E8AjW7NU5VVTRt5GxbeZ5qBuJr+HyLYkjQ==

postcss@^8.4.27:
  version "8.4.27"
  resolved "https://registry.yarnpkg.com/postcss/-/postcss-8.4.27.tgz#234d7e4b72e34ba5a92c29636734349e0d9c3057"
  integrity sha512-gY/ACJtJPSmUFPDCHtX78+01fHa64FaU4zaaWfuh1MhGJISufJAH4cun6k/8fwsHYeK4UQmENQK+tRLCFJE8JQ==
  dependencies:
    nanoid "^3.3.6"
    picocolors "^1.0.0"
    source-map-js "^1.0.2"

process-nextick-args@~2.0.0:
  version "2.0.1"
  resolved "https://registry.yarnpkg.com/process-nextick-args/-/process-nextick-args-2.0.1.tgz#7820d9b16120cc55ca9ae7792680ae7dba6d7fe2"
  integrity sha512-3ouUOpQhtgrbOa17J7+uxOTpITYWaGP7/AhoR3+A+/1e9skrzelGi/dXzEYyvbxubEF6Wn2ypscTKiKJFFn1ag==

readable-stream@~2.3.6:
  version "2.3.7"
  resolved "https://registry.yarnpkg.com/readable-stream/-/readable-stream-2.3.7.tgz#1eca1cf711aef814c04f62252a36a62f6cb23b57"
  integrity sha512-Ebho8K4jIbHAxnuxi7o42OrZgF/ZTNcsZj6nRKyUmkhLFq8CHItp/fy6hQZuZmP/n3yZ9VBUbp4zz/mX8hmYPw==
  dependencies:
    core-util-is "~1.0.0"
    inherits "~2.0.3"
    isarray "~1.0.0"
    process-nextick-args "~2.0.0"
    safe-buffer "~5.1.1"
    string_decoder "~1.1.1"
    util-deprecate "~1.0.1"

rollup@^3.27.1:
  version "3.27.2"
  resolved "https://registry.yarnpkg.com/rollup/-/rollup-3.27.2.tgz#59adc973504408289be89e5978e938ce852c9520"
  integrity sha512-YGwmHf7h2oUHkVBT248x0yt6vZkYQ3/rvE5iQuVBh3WO8GcJ6BNeOkpoX1yMHIiBm18EMLjBPIoUDkhgnyxGOQ==
  optionalDependencies:
    fsevents "~2.3.2"

safe-buffer@~5.1.0, safe-buffer@~5.1.1:
  version "5.1.2"
  resolved "https://registry.yarnpkg.com/safe-buffer/-/safe-buffer-5.1.2.tgz#991ec69d296e0313747d59bdfd2b745c35f8828d"
  integrity sha512-Gd2UZBJDkXlY7GbJxfsE8/nvKkUEU1G38c1siN6QP6a9PT9MmHB8GnpscSmMJSoF8LOIrt8ud/wPtojys4G6+g==

setimmediate@^1.0.5:
  version "1.0.5"
  resolved "https://registry.yarnpkg.com/setimmediate/-/setimmediate-1.0.5.tgz#290cbb232e306942d7d7ea9b83732ab7856f8285"
  integrity sha1-KQy7Iy4waULX1+qbg3Mqt4VvgoU=

source-map-js@^1.0.2:
  version "1.0.2"
  resolved "https://registry.yarnpkg.com/source-map-js/-/source-map-js-1.0.2.tgz#adbc361d9c62df380125e7f161f71c826f1e490c"
  integrity sha512-R0XvVJ9WusLiqTCEiGCmICCMplcCkIwwR11mOSD9CR5u+IXYdiseeEuXCVAjS54zqwkLcPNnmU4OeJ6tUrWhDw==

sprintf-js@~1.0.2:
  version "1.0.3"
  resolved "https://registry.yarnpkg.com/sprintf-js/-/sprintf-js-1.0.3.tgz#04e6926f662895354f3dd015203633b857297e2c"
  integrity sha1-BOaSb2YolTVPPdAVIDYzuFcpfiw=

string_decoder@~1.1.1:
  version "1.1.1"
  resolved "https://registry.yarnpkg.com/string_decoder/-/string_decoder-1.1.1.tgz#9cf1611ba62685d7030ae9e4ba34149c3af03fc8"
  integrity sha512-n/ShnvDi6FHbbVfviro+WojiFzv+s8MPMHBczVePfUpDJLwoLT0ht1l4YwBCbi8pJAveEEdnkHyPyTP/mzRfwg==
  dependencies:
    safe-buffer "~5.1.0"

underscore@^1.13.1:
  version "1.13.3"
  resolved "https://registry.yarnpkg.com/underscore/-/underscore-1.13.3.tgz#54bc95f7648c5557897e5e968d0f76bc062c34ee"
  integrity sha512-QvjkYpiD+dJJraRA8+dGAU4i7aBbb2s0S3jA45TFOvg2VgqvdCDd/3N6CqA8gluk1W91GLoXg5enMUx560QzuA==

util-deprecate@~1.0.1:
  version "1.0.2"
  resolved "https://registry.yarnpkg.com/util-deprecate/-/util-deprecate-1.0.2.tgz#450d4dc9fa70de732762fbd2d4a28981419a0ccf"
  integrity sha1-RQ1Nyfpw3nMnYvvS1KKJgUGaDM8=

vite@4.4.9:
  version "4.4.9"
  resolved "https://registry.yarnpkg.com/vite/-/vite-4.4.9.tgz#1402423f1a2f8d66fd8d15e351127c7236d29d3d"
  integrity sha512-2mbUn2LlUmNASWwSCNSJ/EG2HuSRTnVNaydp6vMCm5VIqJsjMfbIWtbH2kDuwUVW5mMUKKZvGPX/rqeqVvv1XA==
  dependencies:
    esbuild "^0.18.10"
    postcss "^8.4.27"
    rollup "^3.27.1"
  optionalDependencies:
    fsevents "~2.3.2"

xmlbuilder@^10.0.0:
  version "10.1.1"
  resolved "https://registry.yarnpkg.com/xmlbuilder/-/xmlbuilder-10.1.1.tgz#8cae6688cc9b38d850b7c8d3c0a4161dcaf475b0"
  integrity sha512-OyzrcFLL/nb6fMGHbiRDuPup9ljBycsdCypwuyg5AAHvyWzGfChJpCXMG88AGTIMFhGZ9RccFN1e6lhg3hkwKg==
